// !$*UTF8*$!
{
	archiveVersion = 1;
	classes = {
	};
	objectVersion = 46;
	objects = {

/* Begin PBXBuildFile section */
		AB4866A51AB5116D009B6435 /* main.m in Sources */ = {isa = PBXBuildFile; fileRef = AB4866A41AB5116D009B6435 /* main.m */; };
		AB4866A81AB5116D009B6435 /* AppDelegate.m in Sources */ = {isa = PBXBuildFile; fileRef = AB4866A71AB5116D009B6435 /* AppDelegate.m */; };
		AB4866AB1AB5116D009B6435 /* GopherSmash.xcdatamodeld in Sources */ = {isa = PBXBuildFile; fileRef = AB4866A91AB5116D009B6435 /* GopherSmash.xcdatamodeld */; };
		AB4866AE1AB5116D009B6435 /* ViewController.m in Sources */ = {isa = PBXBuildFile; fileRef = AB4866AD1AB5116D009B6435 /* ViewController.m */; };
		AB4866B11AB5116D009B6435 /* Main.storyboard in Resources */ = {isa = PBXBuildFile; fileRef = AB4866AF1AB5116D009B6435 /* Main.storyboard */; };
		AB4866B31AB5116D009B6435 /* Images.xcassets in Resources */ = {isa = PBXBuildFile; fileRef = AB4866B21AB5116D009B6435 /* Images.xcassets */; };
		AB4866B61AB5116D009B6435 /* LaunchScreen.xib in Resources */ = {isa = PBXBuildFile; fileRef = AB4866B41AB5116D009B6435 /* LaunchScreen.xib */; };
		AB4866C21AB5116D009B6435 /* GopherSmashTests.m in Sources */ = {isa = PBXBuildFile; fileRef = AB4866C11AB5116D009B6435 /* GopherSmashTests.m */; };
		AB4866D61AB516DB009B6435 /* InterfaceController.m in Sources */ = {isa = PBXBuildFile; fileRef = AB4866D51AB516DB009B6435 /* InterfaceController.m */; };
		AB4866D91AB516DB009B6435 /* NotificationController.m in Sources */ = {isa = PBXBuildFile; fileRef = AB4866D81AB516DB009B6435 /* NotificationController.m */; };
		AB4866DB1AB516DB009B6435 /* Images.xcassets in Resources */ = {isa = PBXBuildFile; fileRef = AB4866DA1AB516DB009B6435 /* Images.xcassets */; };
		AB4866DF1AB516DB009B6435 /* GopherSmash WatchKit App.app in Resources */ = {isa = PBXBuildFile; fileRef = AB4866DE1AB516DB009B6435 /* GopherSmash WatchKit App.app */; };
		AB4866E71AB516DB009B6435 /* Interface.storyboard in Resources */ = {isa = PBXBuildFile; fileRef = AB4866E51AB516DB009B6435 /* Interface.storyboard */; };
		AB4866E91AB516DB009B6435 /* Images.xcassets in Resources */ = {isa = PBXBuildFile; fileRef = AB4866E81AB516DB009B6435 /* Images.xcassets */; };
		AB4866EC1AB516DB009B6435 /* GopherSmash WatchKit Extension.appex in Embed App Extensions */ = {isa = PBXBuildFile; fileRef = AB4866CF1AB516DB009B6435 /* GopherSmash WatchKit Extension.appex */; settings = {ATTRIBUTES = (RemoveHeadersOnCopy, ); }; };
		ECD8CE1F824E778C271411CE /* libPods.a in Frameworks */ = {isa = PBXBuildFile; fileRef = D7D7991283284CD3029FC7B7 /* libPods.a */; };
/* End PBXBuildFile section */

/* Begin PBXContainerItemProxy section */
		AB4866BC1AB5116D009B6435 /* PBXContainerItemProxy */ = {
			isa = PBXContainerItemProxy;
			containerPortal = AB4866971AB5116D009B6435 /* Project object */;
			proxyType = 1;
			remoteGlobalIDString = AB48669E1AB5116D009B6435;
			remoteInfo = GopherSmash;
		};
		AB4866E01AB516DB009B6435 /* PBXContainerItemProxy */ = {
			isa = PBXContainerItemProxy;
			containerPortal = AB4866971AB5116D009B6435 /* Project object */;
			proxyType = 1;
			remoteGlobalIDString = AB4866DD1AB516DB009B6435;
			remoteInfo = "GopherSmash WatchKit App";
		};
		AB4866EA1AB516DB009B6435 /* PBXContainerItemProxy */ = {
			isa = PBXContainerItemProxy;
			containerPortal = AB4866971AB5116D009B6435 /* Project object */;
			proxyType = 1;
			remoteGlobalIDString = AB4866CE1AB516DB009B6435;
			remoteInfo = "GopherSmash WatchKit Extension";
		};
/* End PBXContainerItemProxy section */

/* Begin PBXCopyFilesBuildPhase section */
		AB4866F31AB516DB009B6435 /* Embed App Extensions */ = {
			isa = PBXCopyFilesBuildPhase;
			buildActionMask = 2147483647;
			dstPath = "";
			dstSubfolderSpec = 13;
			files = (
				AB4866EC1AB516DB009B6435 /* GopherSmash WatchKit Extension.appex in Embed App Extensions */,
			);
			name = "Embed App Extensions";
			runOnlyForDeploymentPostprocessing = 0;
		};
/* End PBXCopyFilesBuildPhase section */

/* Begin PBXFileReference section */
		18DE85321E8AD733572AAF9F /* Pods.release.xcconfig */ = {isa = PBXFileReference; includeInIndex = 1; lastKnownFileType = text.xcconfig; name = Pods.release.xcconfig; path = "Pods/Target Support Files/Pods/Pods.release.xcconfig"; sourceTree = "<group>"; };
		AB48669F1AB5116D009B6435 /* GopherSmash.app */ = {isa = PBXFileReference; explicitFileType = wrapper.application; includeInIndex = 0; path = GopherSmash.app; sourceTree = BUILT_PRODUCTS_DIR; };
		AB4866A31AB5116D009B6435 /* Info.plist */ = {isa = PBXFileReference; lastKnownFileType = text.plist.xml; path = Info.plist; sourceTree = "<group>"; };
		AB4866A41AB5116D009B6435 /* main.m */ = {isa = PBXFileReference; lastKnownFileType = sourcecode.c.objc; path = main.m; sourceTree = "<group>"; };
		AB4866A61AB5116D009B6435 /* AppDelegate.h */ = {isa = PBXFileReference; lastKnownFileType = sourcecode.c.h; path = AppDelegate.h; sourceTree = "<group>"; };
		AB4866A71AB5116D009B6435 /* AppDelegate.m */ = {isa = PBXFileReference; lastKnownFileType = sourcecode.c.objc; path = AppDelegate.m; sourceTree = "<group>"; };
		AB4866AA1AB5116D009B6435 /* GopherSmash.xcdatamodel */ = {isa = PBXFileReference; lastKnownFileType = wrapper.xcdatamodel; path = GopherSmash.xcdatamodel; sourceTree = "<group>"; };
		AB4866AC1AB5116D009B6435 /* ViewController.h */ = {isa = PBXFileReference; lastKnownFileType = sourcecode.c.h; path = ViewController.h; sourceTree = "<group>"; };
		AB4866AD1AB5116D009B6435 /* ViewController.m */ = {isa = PBXFileReference; lastKnownFileType = sourcecode.c.objc; path = ViewController.m; sourceTree = "<group>"; };
		AB4866B01AB5116D009B6435 /* Base */ = {isa = PBXFileReference; lastKnownFileType = file.storyboard; name = Base; path = Base.lproj/Main.storyboard; sourceTree = "<group>"; };
		AB4866B21AB5116D009B6435 /* Images.xcassets */ = {isa = PBXFileReference; lastKnownFileType = folder.assetcatalog; path = Images.xcassets; sourceTree = "<group>"; };
		AB4866B51AB5116D009B6435 /* Base */ = {isa = PBXFileReference; lastKnownFileType = file.xib; name = Base; path = Base.lproj/LaunchScreen.xib; sourceTree = "<group>"; };
		AB4866BB1AB5116D009B6435 /* GopherSmashTests.xctest */ = {isa = PBXFileReference; explicitFileType = wrapper.cfbundle; includeInIndex = 0; path = GopherSmashTests.xctest; sourceTree = BUILT_PRODUCTS_DIR; };
		AB4866C01AB5116D009B6435 /* Info.plist */ = {isa = PBXFileReference; lastKnownFileType = text.plist.xml; path = Info.plist; sourceTree = "<group>"; };
		AB4866C11AB5116D009B6435 /* GopherSmashTests.m */ = {isa = PBXFileReference; lastKnownFileType = sourcecode.c.objc; path = GopherSmashTests.m; sourceTree = "<group>"; };
		AB4866CF1AB516DB009B6435 /* GopherSmash WatchKit Extension.appex */ = {isa = PBXFileReference; explicitFileType = "wrapper.app-extension"; includeInIndex = 0; path = "GopherSmash WatchKit Extension.appex"; sourceTree = BUILT_PRODUCTS_DIR; };
		AB4866D21AB516DB009B6435 /* Info.plist */ = {isa = PBXFileReference; lastKnownFileType = text.plist.xml; path = Info.plist; sourceTree = "<group>"; };
		AB4866D31AB516DB009B6435 /* PushNotificationPayload.apns */ = {isa = PBXFileReference; lastKnownFileType = text; path = PushNotificationPayload.apns; sourceTree = "<group>"; };
		AB4866D41AB516DB009B6435 /* InterfaceController.h */ = {isa = PBXFileReference; lastKnownFileType = sourcecode.c.h; path = InterfaceController.h; sourceTree = "<group>"; };
		AB4866D51AB516DB009B6435 /* InterfaceController.m */ = {isa = PBXFileReference; lastKnownFileType = sourcecode.c.objc; path = InterfaceController.m; sourceTree = "<group>"; };
		AB4866D71AB516DB009B6435 /* NotificationController.h */ = {isa = PBXFileReference; lastKnownFileType = sourcecode.c.h; path = NotificationController.h; sourceTree = "<group>"; };
		AB4866D81AB516DB009B6435 /* NotificationController.m */ = {isa = PBXFileReference; lastKnownFileType = sourcecode.c.objc; path = NotificationController.m; sourceTree = "<group>"; };
		AB4866DA1AB516DB009B6435 /* Images.xcassets */ = {isa = PBXFileReference; lastKnownFileType = folder.assetcatalog; path = Images.xcassets; sourceTree = "<group>"; };
		AB4866DE1AB516DB009B6435 /* GopherSmash WatchKit App.app */ = {isa = PBXFileReference; explicitFileType = wrapper.application; includeInIndex = 0; path = "GopherSmash WatchKit App.app"; sourceTree = BUILT_PRODUCTS_DIR; };
		AB4866E41AB516DB009B6435 /* Info.plist */ = {isa = PBXFileReference; lastKnownFileType = text.plist.xml; path = Info.plist; sourceTree = "<group>"; };
		AB4866E61AB516DB009B6435 /* Base */ = {isa = PBXFileReference; lastKnownFileType = file.storyboard; name = Base; path = Base.lproj/Interface.storyboard; sourceTree = "<group>"; };
		AB4866E81AB516DB009B6435 /* Images.xcassets */ = {isa = PBXFileReference; lastKnownFileType = folder.assetcatalog; path = Images.xcassets; sourceTree = "<group>"; };
		AB4866F41AB569BA009B6435 /* GopherSmash.entitlements */ = {isa = PBXFileReference; lastKnownFileType = text.xml; path = GopherSmash.entitlements; sourceTree = "<group>"; };
		AB4866F51AB569FB009B6435 /* GopherSmash WatchKit Extension.entitlements */ = {isa = PBXFileReference; lastKnownFileType = text.xml; path = "GopherSmash WatchKit Extension.entitlements"; sourceTree = "<group>"; };
		D7D7991283284CD3029FC7B7 /* libPods.a */ = {isa = PBXFileReference; explicitFileType = archive.ar; includeInIndex = 0; path = libPods.a; sourceTree = BUILT_PRODUCTS_DIR; };
		FB7DEB90845FE12769EF5B7F /* Pods.debug.xcconfig */ = {isa = PBXFileReference; includeInIndex = 1; lastKnownFileType = text.xcconfig; name = Pods.debug.xcconfig; path = "Pods/Target Support Files/Pods/Pods.debug.xcconfig"; sourceTree = "<group>"; };
/* End PBXFileReference section */

/* Begin PBXFrameworksBuildPhase section */
		AB48669C1AB5116D009B6435 /* Frameworks */ = {
			isa = PBXFrameworksBuildPhase;
			buildActionMask = 2147483647;
			files = (
				ECD8CE1F824E778C271411CE /* libPods.a in Frameworks */,
			);
			runOnlyForDeploymentPostprocessing = 0;
		};
		AB4866B81AB5116D009B6435 /* Frameworks */ = {
			isa = PBXFrameworksBuildPhase;
			buildActionMask = 2147483647;
			files = (
			);
			runOnlyForDeploymentPostprocessing = 0;
		};
		AB4866CC1AB516DB009B6435 /* Frameworks */ = {
			isa = PBXFrameworksBuildPhase;
			buildActionMask = 2147483647;
			files = (
			);
			runOnlyForDeploymentPostprocessing = 0;
		};
/* End PBXFrameworksBuildPhase section */

/* Begin PBXGroup section */
		175F256B03D590276AED9E3E /* Frameworks */ = {
			isa = PBXGroup;
			children = (
				D7D7991283284CD3029FC7B7 /* libPods.a */,
			);
			name = Frameworks;
			sourceTree = "<group>";
		};
		43EEFF50C920D48A40E853BF /* Pods */ = {
			isa = PBXGroup;
			children = (
				FB7DEB90845FE12769EF5B7F /* Pods.debug.xcconfig */,
				18DE85321E8AD733572AAF9F /* Pods.release.xcconfig */,
			);
			name = Pods;
			sourceTree = "<group>";
		};
		AB4866961AB5116D009B6435 = {
			isa = PBXGroup;
			children = (
				AB4866A11AB5116D009B6435 /* GopherSmash */,
				AB4866BE1AB5116D009B6435 /* GopherSmashTests */,
				AB4866D01AB516DB009B6435 /* GopherSmash WatchKit Extension */,
				AB4866E21AB516DB009B6435 /* GopherSmash WatchKit App */,
				AB4866A01AB5116D009B6435 /* Products */,
				43EEFF50C920D48A40E853BF /* Pods */,
				175F256B03D590276AED9E3E /* Frameworks */,
			);
			sourceTree = "<group>";
		};
		AB4866A01AB5116D009B6435 /* Products */ = {
			isa = PBXGroup;
			children = (
				AB48669F1AB5116D009B6435 /* GopherSmash.app */,
				AB4866BB1AB5116D009B6435 /* GopherSmashTests.xctest */,
				AB4866CF1AB516DB009B6435 /* GopherSmash WatchKit Extension.appex */,
				AB4866DE1AB516DB009B6435 /* GopherSmash WatchKit App.app */,
			);
			name = Products;
			sourceTree = "<group>";
		};
		AB4866A11AB5116D009B6435 /* GopherSmash */ = {
			isa = PBXGroup;
			children = (
				AB4866F41AB569BA009B6435 /* GopherSmash.entitlements */,
				AB4866A61AB5116D009B6435 /* AppDelegate.h */,
				AB4866A71AB5116D009B6435 /* AppDelegate.m */,
				AB4866AC1AB5116D009B6435 /* ViewController.h */,
				AB4866AD1AB5116D009B6435 /* ViewController.m */,
				AB4866AF1AB5116D009B6435 /* Main.storyboard */,
				AB4866B21AB5116D009B6435 /* Images.xcassets */,
				AB4866B41AB5116D009B6435 /* LaunchScreen.xib */,
				AB4866A91AB5116D009B6435 /* GopherSmash.xcdatamodeld */,
				AB4866A21AB5116D009B6435 /* Supporting Files */,
			);
			path = GopherSmash;
			sourceTree = "<group>";
		};
		AB4866A21AB5116D009B6435 /* Supporting Files */ = {
			isa = PBXGroup;
			children = (
				AB4866A31AB5116D009B6435 /* Info.plist */,
				AB4866A41AB5116D009B6435 /* main.m */,
			);
			name = "Supporting Files";
			sourceTree = "<group>";
		};
		AB4866BE1AB5116D009B6435 /* GopherSmashTests */ = {
			isa = PBXGroup;
			children = (
				AB4866C11AB5116D009B6435 /* GopherSmashTests.m */,
				AB4866BF1AB5116D009B6435 /* Supporting Files */,
			);
			path = GopherSmashTests;
			sourceTree = "<group>";
		};
		AB4866BF1AB5116D009B6435 /* Supporting Files */ = {
			isa = PBXGroup;
			children = (
				AB4866C01AB5116D009B6435 /* Info.plist */,
			);
			name = "Supporting Files";
			sourceTree = "<group>";
		};
		AB4866D01AB516DB009B6435 /* GopherSmash WatchKit Extension */ = {
			isa = PBXGroup;
			children = (
				AB4866F51AB569FB009B6435 /* GopherSmash WatchKit Extension.entitlements */,
				AB4866D41AB516DB009B6435 /* InterfaceController.h */,
				AB4866D51AB516DB009B6435 /* InterfaceController.m */,
				AB4866D71AB516DB009B6435 /* NotificationController.h */,
				AB4866D81AB516DB009B6435 /* NotificationController.m */,
				AB4866DA1AB516DB009B6435 /* Images.xcassets */,
				AB4866D11AB516DB009B6435 /* Supporting Files */,
			);
			path = "GopherSmash WatchKit Extension";
			sourceTree = "<group>";
		};
		AB4866D11AB516DB009B6435 /* Supporting Files */ = {
			isa = PBXGroup;
			children = (
				AB4866D21AB516DB009B6435 /* Info.plist */,
				AB4866D31AB516DB009B6435 /* PushNotificationPayload.apns */,
			);
			name = "Supporting Files";
			sourceTree = "<group>";
		};
		AB4866E21AB516DB009B6435 /* GopherSmash WatchKit App */ = {
			isa = PBXGroup;
			children = (
				AB4866E51AB516DB009B6435 /* Interface.storyboard */,
				AB4866E81AB516DB009B6435 /* Images.xcassets */,
				AB4866E31AB516DB009B6435 /* Supporting Files */,
			);
			path = "GopherSmash WatchKit App";
			sourceTree = "<group>";
		};
		AB4866E31AB516DB009B6435 /* Supporting Files */ = {
			isa = PBXGroup;
			children = (
				AB4866E41AB516DB009B6435 /* Info.plist */,
			);
			name = "Supporting Files";
			sourceTree = "<group>";
		};
/* End PBXGroup section */

/* Begin PBXNativeTarget section */
		AB48669E1AB5116D009B6435 /* GopherSmash */ = {
			isa = PBXNativeTarget;
			buildConfigurationList = AB4866C51AB5116D009B6435 /* Build configuration list for PBXNativeTarget "GopherSmash" */;
			buildPhases = (
				6AC18D4BCECD92754E962100 /* Check Pods Manifest.lock */,
				AB48669B1AB5116D009B6435 /* Sources */,
				AB48669C1AB5116D009B6435 /* Frameworks */,
				AB48669D1AB5116D009B6435 /* Resources */,
				AB4866F31AB516DB009B6435 /* Embed App Extensions */,
				89D367FCD42BFE50303F6F0C /* Copy Pods Resources */,
			);
			buildRules = (
			);
			dependencies = (
				AB4866EB1AB516DB009B6435 /* PBXTargetDependency */,
			);
			name = GopherSmash;
			productName = GopherSmash;
			productReference = AB48669F1AB5116D009B6435 /* GopherSmash.app */;
			productType = "com.apple.product-type.application";
		};
		AB4866BA1AB5116D009B6435 /* GopherSmashTests */ = {
			isa = PBXNativeTarget;
			buildConfigurationList = AB4866C81AB5116D009B6435 /* Build configuration list for PBXNativeTarget "GopherSmashTests" */;
			buildPhases = (
				AB4866B71AB5116D009B6435 /* Sources */,
				AB4866B81AB5116D009B6435 /* Frameworks */,
				AB4866B91AB5116D009B6435 /* Resources */,
			);
			buildRules = (
			);
			dependencies = (
				AB4866BD1AB5116D009B6435 /* PBXTargetDependency */,
			);
			name = GopherSmashTests;
			productName = GopherSmashTests;
			productReference = AB4866BB1AB5116D009B6435 /* GopherSmashTests.xctest */;
			productType = "com.apple.product-type.bundle.unit-test";
		};
		AB4866CE1AB516DB009B6435 /* GopherSmash WatchKit Extension */ = {
			isa = PBXNativeTarget;
			buildConfigurationList = AB4866F01AB516DB009B6435 /* Build configuration list for PBXNativeTarget "GopherSmash WatchKit Extension" */;
			buildPhases = (
				AB4866CB1AB516DB009B6435 /* Sources */,
				AB4866CC1AB516DB009B6435 /* Frameworks */,
				AB4866CD1AB516DB009B6435 /* Resources */,
			);
			buildRules = (
			);
			dependencies = (
				AB4866E11AB516DB009B6435 /* PBXTargetDependency */,
			);
			name = "GopherSmash WatchKit Extension";
			productName = "GopherSmash WatchKit Extension";
			productReference = AB4866CF1AB516DB009B6435 /* GopherSmash WatchKit Extension.appex */;
			productType = "com.apple.product-type.watchkit-extension";
		};
		AB4866DD1AB516DB009B6435 /* GopherSmash WatchKit App */ = {
			isa = PBXNativeTarget;
			buildConfigurationList = AB4866ED1AB516DB009B6435 /* Build configuration list for PBXNativeTarget "GopherSmash WatchKit App" */;
			buildPhases = (
				AB4866DC1AB516DB009B6435 /* Resources */,
			);
			buildRules = (
			);
			dependencies = (
			);
			name = "GopherSmash WatchKit App";
			productName = "GopherSmash WatchKit App";
			productReference = AB4866DE1AB516DB009B6435 /* GopherSmash WatchKit App.app */;
			productType = "com.apple.product-type.application.watchapp";
		};
/* End PBXNativeTarget section */

/* Begin PBXProject section */
		AB4866971AB5116D009B6435 /* Project object */ = {
			isa = PBXProject;
			attributes = {
				LastUpgradeCheck = 0620;
				ORGANIZATIONNAME = llamaface;
				TargetAttributes = {
					AB48669E1AB5116D009B6435 = {
						CreatedOnToolsVersion = 6.2;
						DevelopmentTeam = ZF98JJXP6V;
						SystemCapabilities = {
							com.apple.ApplicationGroups.iOS = {
								enabled = 1;
							};
						};
					};
					AB4866BA1AB5116D009B6435 = {
						CreatedOnToolsVersion = 6.2;
						TestTargetID = AB48669E1AB5116D009B6435;
					};
					AB4866CE1AB516DB009B6435 = {
						CreatedOnToolsVersion = 6.2;
						DevelopmentTeam = ZF98JJXP6V;
						SystemCapabilities = {
							com.apple.ApplicationGroups.iOS = {
								enabled = 1;
							};
						};
					};
					AB4866DD1AB516DB009B6435 = {
						CreatedOnToolsVersion = 6.2;
					};
				};
			};
			buildConfigurationList = AB48669A1AB5116D009B6435 /* Build configuration list for PBXProject "GopherSmash" */;
			compatibilityVersion = "Xcode 3.2";
			developmentRegion = English;
			hasScannedForEncodings = 0;
			knownRegions = (
				en,
				Base,
			);
			mainGroup = AB4866961AB5116D009B6435;
			productRefGroup = AB4866A01AB5116D009B6435 /* Products */;
			projectDirPath = "";
			projectRoot = "";
			targets = (
				AB48669E1AB5116D009B6435 /* GopherSmash */,
				AB4866BA1AB5116D009B6435 /* GopherSmashTests */,
				AB4866CE1AB516DB009B6435 /* GopherSmash WatchKit Extension */,
				AB4866DD1AB516DB009B6435 /* GopherSmash WatchKit App */,
			);
		};
/* End PBXProject section */

/* Begin PBXResourcesBuildPhase section */
		AB48669D1AB5116D009B6435 /* Resources */ = {
			isa = PBXResourcesBuildPhase;
			buildActionMask = 2147483647;
			files = (
				AB4866B11AB5116D009B6435 /* Main.storyboard in Resources */,
				AB4866B61AB5116D009B6435 /* LaunchScreen.xib in Resources */,
				AB4866B31AB5116D009B6435 /* Images.xcassets in Resources */,
			);
			runOnlyForDeploymentPostprocessing = 0;
		};
		AB4866B91AB5116D009B6435 /* Resources */ = {
			isa = PBXResourcesBuildPhase;
			buildActionMask = 2147483647;
			files = (
			);
			runOnlyForDeploymentPostprocessing = 0;
		};
		AB4866CD1AB516DB009B6435 /* Resources */ = {
			isa = PBXResourcesBuildPhase;
			buildActionMask = 2147483647;
			files = (
				AB4866DF1AB516DB009B6435 /* GopherSmash WatchKit App.app in Resources */,
				AB4866DB1AB516DB009B6435 /* Images.xcassets in Resources */,
			);
			runOnlyForDeploymentPostprocessing = 0;
		};
		AB4866DC1AB516DB009B6435 /* Resources */ = {
			isa = PBXResourcesBuildPhase;
			buildActionMask = 2147483647;
			files = (
				AB4866E71AB516DB009B6435 /* Interface.storyboard in Resources */,
				AB4866E91AB516DB009B6435 /* Images.xcassets in Resources */,
			);
			runOnlyForDeploymentPostprocessing = 0;
		};
/* End PBXResourcesBuildPhase section */

/* Begin PBXShellScriptBuildPhase section */
		6AC18D4BCECD92754E962100 /* Check Pods Manifest.lock */ = {
			isa = PBXShellScriptBuildPhase;
			buildActionMask = 2147483647;
			files = (
			);
			inputPaths = (
			);
			name = "Check Pods Manifest.lock";
			outputPaths = (
			);
			runOnlyForDeploymentPostprocessing = 0;
			shellPath = /bin/sh;
			shellScript = "diff \"${PODS_ROOT}/../Podfile.lock\" \"${PODS_ROOT}/Manifest.lock\" > /dev/null\nif [[ $? != 0 ]] ; then\n    cat << EOM\nerror: The sandbox is not in sync with the Podfile.lock. Run 'pod install' or update your CocoaPods installation.\nEOM\n    exit 1\nfi\n";
			showEnvVarsInLog = 0;
		};
		89D367FCD42BFE50303F6F0C /* Copy Pods Resources */ = {
			isa = PBXShellScriptBuildPhase;
			buildActionMask = 2147483647;
			files = (
			);
			inputPaths = (
			);
			name = "Copy Pods Resources";
			outputPaths = (
			);
			runOnlyForDeploymentPostprocessing = 0;
			shellPath = /bin/sh;
			shellScript = "\"${SRCROOT}/Pods/Target Support Files/Pods/Pods-resources.sh\"\n";
			showEnvVarsInLog = 0;
		};
/* End PBXShellScriptBuildPhase section */

/* Begin PBXSourcesBuildPhase section */
		AB48669B1AB5116D009B6435 /* Sources */ = {
			isa = PBXSourcesBuildPhase;
			buildActionMask = 2147483647;
			files = (
				AB4866A81AB5116D009B6435 /* AppDelegate.m in Sources */,
				AB4866A51AB5116D009B6435 /* main.m in Sources */,
				AB4866AE1AB5116D009B6435 /* ViewController.m in Sources */,
				AB4866AB1AB5116D009B6435 /* GopherSmash.xcdatamodeld in Sources */,
			);
			runOnlyForDeploymentPostprocessing = 0;
		};
		AB4866B71AB5116D009B6435 /* Sources */ = {
			isa = PBXSourcesBuildPhase;
			buildActionMask = 2147483647;
			files = (
				AB4866C21AB5116D009B6435 /* GopherSmashTests.m in Sources */,
			);
			runOnlyForDeploymentPostprocessing = 0;
		};
		AB4866CB1AB516DB009B6435 /* Sources */ = {
			isa = PBXSourcesBuildPhase;
			buildActionMask = 2147483647;
			files = (
				AB4866D91AB516DB009B6435 /* NotificationController.m in Sources */,
				AB4866D61AB516DB009B6435 /* InterfaceController.m in Sources */,
			);
			runOnlyForDeploymentPostprocessing = 0;
		};
/* End PBXSourcesBuildPhase section */

/* Begin PBXTargetDependency section */
		AB4866BD1AB5116D009B6435 /* PBXTargetDependency */ = {
			isa = PBXTargetDependency;
			target = AB48669E1AB5116D009B6435 /* GopherSmash */;
			targetProxy = AB4866BC1AB5116D009B6435 /* PBXContainerItemProxy */;
		};
		AB4866E11AB516DB009B6435 /* PBXTargetDependency */ = {
			isa = PBXTargetDependency;
			target = AB4866DD1AB516DB009B6435 /* GopherSmash WatchKit App */;
			targetProxy = AB4866E01AB516DB009B6435 /* PBXContainerItemProxy */;
		};
		AB4866EB1AB516DB009B6435 /* PBXTargetDependency */ = {
			isa = PBXTargetDependency;
			target = AB4866CE1AB516DB009B6435 /* GopherSmash WatchKit Extension */;
			targetProxy = AB4866EA1AB516DB009B6435 /* PBXContainerItemProxy */;
		};
/* End PBXTargetDependency section */

/* Begin PBXVariantGroup section */
		AB4866AF1AB5116D009B6435 /* Main.storyboard */ = {
			isa = PBXVariantGroup;
			children = (
				AB4866B01AB5116D009B6435 /* Base */,
			);
			name = Main.storyboard;
			sourceTree = "<group>";
		};
		AB4866B41AB5116D009B6435 /* LaunchScreen.xib */ = {
			isa = PBXVariantGroup;
			children = (
				AB4866B51AB5116D009B6435 /* Base */,
			);
			name = LaunchScreen.xib;
			sourceTree = "<group>";
		};
		AB4866E51AB516DB009B6435 /* Interface.storyboard */ = {
			isa = PBXVariantGroup;
			children = (
				AB4866E61AB516DB009B6435 /* Base */,
			);
			name = Interface.storyboard;
			sourceTree = "<group>";
		};
/* End PBXVariantGroup section */

/* Begin XCBuildConfiguration section */
		AB4866C31AB5116D009B6435 /* Debug */ = {
			isa = XCBuildConfiguration;
			buildSettings = {
				ALWAYS_SEARCH_USER_PATHS = NO;
				CLANG_CXX_LANGUAGE_STANDARD = "gnu++0x";
				CLANG_CXX_LIBRARY = "libc++";
				CLANG_ENABLE_MODULES = YES;
				CLANG_ENABLE_OBJC_ARC = YES;
				CLANG_WARN_BOOL_CONVERSION = YES;
				CLANG_WARN_CONSTANT_CONVERSION = YES;
				CLANG_WARN_DIRECT_OBJC_ISA_USAGE = YES_ERROR;
				CLANG_WARN_EMPTY_BODY = YES;
				CLANG_WARN_ENUM_CONVERSION = YES;
				CLANG_WARN_INT_CONVERSION = YES;
				CLANG_WARN_OBJC_ROOT_CLASS = YES_ERROR;
				CLANG_WARN_UNREACHABLE_CODE = YES;
				CLANG_WARN__DUPLICATE_METHOD_MATCH = YES;
				"CODE_SIGN_IDENTITY[sdk=iphoneos*]" = "iPhone Developer";
				COPY_PHASE_STRIP = NO;
				ENABLE_STRICT_OBJC_MSGSEND = YES;
				GCC_C_LANGUAGE_STANDARD = gnu99;
				GCC_DYNAMIC_NO_PIC = NO;
				GCC_OPTIMIZATION_LEVEL = 0;
				GCC_PREPROCESSOR_DEFINITIONS = (
					"DEBUG=1",
					"$(inherited)",
				);
				GCC_SYMBOLS_PRIVATE_EXTERN = NO;
				GCC_WARN_64_TO_32_BIT_CONVERSION = YES;
				GCC_WARN_ABOUT_RETURN_TYPE = YES_ERROR;
				GCC_WARN_UNDECLARED_SELECTOR = YES;
				GCC_WARN_UNINITIALIZED_AUTOS = YES_AGGRESSIVE;
				GCC_WARN_UNUSED_FUNCTION = YES;
				GCC_WARN_UNUSED_VARIABLE = YES;
				IPHONEOS_DEPLOYMENT_TARGET = 8.2;
				MTL_ENABLE_DEBUG_INFO = YES;
				ONLY_ACTIVE_ARCH = YES;
				SDKROOT = iphoneos;
				TARGETED_DEVICE_FAMILY = "1,2";
			};
			name = Debug;
		};
		AB4866C41AB5116D009B6435 /* Release */ = {
			isa = XCBuildConfiguration;
			buildSettings = {
				ALWAYS_SEARCH_USER_PATHS = NO;
				CLANG_CXX_LANGUAGE_STANDARD = "gnu++0x";
				CLANG_CXX_LIBRARY = "libc++";
				CLANG_ENABLE_MODULES = YES;
				CLANG_ENABLE_OBJC_ARC = YES;
				CLANG_WARN_BOOL_CONVERSION = YES;
				CLANG_WARN_CONSTANT_CONVERSION = YES;
				CLANG_WARN_DIRECT_OBJC_ISA_USAGE = YES_ERROR;
				CLANG_WARN_EMPTY_BODY = YES;
				CLANG_WARN_ENUM_CONVERSION = YES;
				CLANG_WARN_INT_CONVERSION = YES;
				CLANG_WARN_OBJC_ROOT_CLASS = YES_ERROR;
				CLANG_WARN_UNREACHABLE_CODE = YES;
				CLANG_WARN__DUPLICATE_METHOD_MATCH = YES;
				"CODE_SIGN_IDENTITY[sdk=iphoneos*]" = "iPhone Developer";
				COPY_PHASE_STRIP = NO;
				ENABLE_NS_ASSERTIONS = NO;
				ENABLE_STRICT_OBJC_MSGSEND = YES;
				GCC_C_LANGUAGE_STANDARD = gnu99;
				GCC_WARN_64_TO_32_BIT_CONVERSION = YES;
				GCC_WARN_ABOUT_RETURN_TYPE = YES_ERROR;
				GCC_WARN_UNDECLARED_SELECTOR = YES;
				GCC_WARN_UNINITIALIZED_AUTOS = YES_AGGRESSIVE;
				GCC_WARN_UNUSED_FUNCTION = YES;
				GCC_WARN_UNUSED_VARIABLE = YES;
				IPHONEOS_DEPLOYMENT_TARGET = 8.2;
				MTL_ENABLE_DEBUG_INFO = NO;
				SDKROOT = iphoneos;
				TARGETED_DEVICE_FAMILY = "1,2";
				VALIDATE_PRODUCT = YES;
			};
			name = Release;
		};
		AB4866C61AB5116D009B6435 /* Debug */ = {
			isa = XCBuildConfiguration;
			baseConfigurationReference = FB7DEB90845FE12769EF5B7F /* Pods.debug.xcconfig */;
			buildSettings = {
				ASSETCATALOG_COMPILER_APPICON_NAME = AppIcon;
				CODE_SIGN_ENTITLEMENTS = GopherSmash/GopherSmash.entitlements;
				CODE_SIGN_IDENTITY = "iPhone Developer";
				"CODE_SIGN_IDENTITY[sdk=iphoneos*]" = "iPhone Developer";
				INFOPLIST_FILE = GopherSmash/Info.plist;
				LD_RUNPATH_SEARCH_PATHS = "$(inherited) @executable_path/Frameworks";
				PRODUCT_NAME = "$(TARGET_NAME)";
				PROVISIONING_PROFILE = "";
			};
			name = Debug;
		};
		AB4866C71AB5116D009B6435 /* Release */ = {
			isa = XCBuildConfiguration;
			baseConfigurationReference = 18DE85321E8AD733572AAF9F /* Pods.release.xcconfig */;
			buildSettings = {
				ASSETCATALOG_COMPILER_APPICON_NAME = AppIcon;
				CODE_SIGN_ENTITLEMENTS = GopherSmash/GopherSmash.entitlements;
				CODE_SIGN_IDENTITY = "iPhone Developer";
				"CODE_SIGN_IDENTITY[sdk=iphoneos*]" = "iPhone Developer";
				INFOPLIST_FILE = GopherSmash/Info.plist;
				LD_RUNPATH_SEARCH_PATHS = "$(inherited) @executable_path/Frameworks";
				PRODUCT_NAME = "$(TARGET_NAME)";
				PROVISIONING_PROFILE = "";
			};
			name = Release;
		};
		AB4866C91AB5116D009B6435 /* Debug */ = {
			isa = XCBuildConfiguration;
			buildSettings = {
				BUNDLE_LOADER = "$(TEST_HOST)";
				FRAMEWORK_SEARCH_PATHS = (
					"$(SDKROOT)/Developer/Library/Frameworks",
					"$(inherited)",
				);
				GCC_PREPROCESSOR_DEFINITIONS = (
					"DEBUG=1",
					"$(inherited)",
				);
				INFOPLIST_FILE = GopherSmashTests/Info.plist;
				LD_RUNPATH_SEARCH_PATHS = "$(inherited) @executable_path/Frameworks @loader_path/Frameworks";
				PRODUCT_NAME = "$(TARGET_NAME)";
				TEST_HOST = "$(BUILT_PRODUCTS_DIR)/GopherSmash.app/GopherSmash";
			};
			name = Debug;
		};
		AB4866CA1AB5116D009B6435 /* Release */ = {
			isa = XCBuildConfiguration;
			buildSettings = {
				BUNDLE_LOADER = "$(TEST_HOST)";
				FRAMEWORK_SEARCH_PATHS = (
					"$(SDKROOT)/Developer/Library/Frameworks",
					"$(inherited)",
				);
				INFOPLIST_FILE = GopherSmashTests/Info.plist;
				LD_RUNPATH_SEARCH_PATHS = "$(inherited) @executable_path/Frameworks @loader_path/Frameworks";
				PRODUCT_NAME = "$(TARGET_NAME)";
				TEST_HOST = "$(BUILT_PRODUCTS_DIR)/GopherSmash.app/GopherSmash";
			};
			name = Release;
		};
		AB4866EE1AB516DB009B6435 /* Debug */ = {
			isa = XCBuildConfiguration;
			buildSettings = {
				ASSETCATALOG_COMPILER_APPICON_NAME = AppIcon;
				GCC_PREPROCESSOR_DEFINITIONS = (
					"DEBUG=1",
					"$(inherited)",
				);
				IBSC_MODULE = GopherSmash_WatchKit_Extension;
				INFOPLIST_FILE = "GopherSmash WatchKit App/Info.plist";
				PRODUCT_NAME = "$(TARGET_NAME)";
				SKIP_INSTALL = YES;
				TARGETED_DEVICE_FAMILY = 4;
				"TARGETED_DEVICE_FAMILY[sdk=iphonesimulator*]" = "1,4";
			};
			name = Debug;
		};
		AB4866EF1AB516DB009B6435 /* Release */ = {
			isa = XCBuildConfiguration;
			buildSettings = {
				ASSETCATALOG_COMPILER_APPICON_NAME = AppIcon;
				IBSC_MODULE = GopherSmash_WatchKit_Extension;
				INFOPLIST_FILE = "GopherSmash WatchKit App/Info.plist";
				PRODUCT_NAME = "$(TARGET_NAME)";
				SKIP_INSTALL = YES;
				TARGETED_DEVICE_FAMILY = 4;
				"TARGETED_DEVICE_FAMILY[sdk=iphonesimulator*]" = "1,4";
			};
			name = Release;
		};
		AB4866F11AB516DB009B6435 /* Debug */ = {
			isa = XCBuildConfiguration;
			buildSettings = {
				CODE_SIGN_ENTITLEMENTS = "GopherSmash WatchKit Extension/GopherSmash WatchKit Extension.entitlements";
				CODE_SIGN_IDENTITY = "iPhone Developer";
				"CODE_SIGN_IDENTITY[sdk=iphoneos*]" = "iPhone Developer";
				GCC_PREPROCESSOR_DEFINITIONS = (
					"DEBUG=1",
					"$(inherited)",
				);
				INFOPLIST_FILE = "GopherSmash WatchKit Extension/Info.plist";
				LD_RUNPATH_SEARCH_PATHS = "$(inherited) @executable_path/Frameworks @executable_path/../../Frameworks";
				PRODUCT_NAME = "${TARGET_NAME}";
				PROVISIONING_PROFILE = "";
				SKIP_INSTALL = YES;
			};
			name = Debug;
		};
		AB4866F21AB516DB009B6435 /* Release */ = {
			isa = XCBuildConfiguration;
			buildSettings = {
				CODE_SIGN_ENTITLEMENTS = "GopherSmash WatchKit Extension/GopherSmash WatchKit Extension.entitlements";
				CODE_SIGN_IDENTITY = "iPhone Developer";
				"CODE_SIGN_IDENTITY[sdk=iphoneos*]" = "iPhone Developer";
				INFOPLIST_FILE = "GopherSmash WatchKit Extension/Info.plist";
				LD_RUNPATH_SEARCH_PATHS = "$(inherited) @executable_path/Frameworks @executable_path/../../Frameworks";
				PRODUCT_NAME = "${TARGET_NAME}";
				PROVISIONING_PROFILE = "";
				SKIP_INSTALL = YES;
			};
			name = Release;
		};
/* End XCBuildConfiguration section */

/* Begin XCConfigurationList section */
		AB48669A1AB5116D009B6435 /* Build configuration list for PBXProject "GopherSmash" */ = {
			isa = XCConfigurationList;
			buildConfigurations = (
				AB4866C31AB5116D009B6435 /* Debug */,
				AB4866C41AB5116D009B6435 /* Release */,
			);
			defaultConfigurationIsVisible = 0;
			defaultConfigurationName = Release;
		};
		AB4866C51AB5116D009B6435 /* Build configuration list for PBXNativeTarget "GopherSmash" */ = {
			isa = XCConfigurationList;
			buildConfigurations = (
				AB4866C61AB5116D009B6435 /* Debug */,
				AB4866C71AB5116D009B6435 /* Release */,
			);
			defaultConfigurationIsVisible = 0;
			defaultConfigurationName = Release;
		};
		AB4866C81AB5116D009B6435 /* Build configuration list for PBXNativeTarget "GopherSmashTests" */ = {
			isa = XCConfigurationList;
			buildConfigurations = (
				AB4866C91AB5116D009B6435 /* Debug */,
				AB4866CA1AB5116D009B6435 /* Release */,
			);
			defaultConfigurationIsVisible = 0;
			defaultConfigurationName = Release;
		};
		AB4866ED1AB516DB009B6435 /* Build configuration list for PBXNativeTarget "GopherSmash WatchKit App" */ = {
			isa = XCConfigurationList;
			buildConfigurations = (
				AB4866EE1AB516DB009B6435 /* Debug */,
				AB4866EF1AB516DB009B6435 /* Release */,
			);
			defaultConfigurationIsVisible = 0;
			defaultConfigurationName = Release;
		};
		AB4866F01AB516DB009B6435 /* Build configuration list for PBXNativeTarget "GopherSmash WatchKit Extension" */ = {
			isa = XCConfigurationList;
			buildConfigurations = (
				AB4866F11AB516DB009B6435 /* Debug */,
				AB4866F21AB516DB009B6435 /* Release */,
			);
			defaultConfigurationIsVisible = 0;
			defaultConfigurationName = Release;
		};
/* End XCConfigurationList section */

/* Begin XCVersionGroup section */
		AB4866A91AB5116D009B6435 /* GopherSmash.xcdatamodeld */ = {
			isa = XCVersionGroup;
			children = (
				AB4866AA1AB5116D009B6435 /* GopherSmash.xcdatamodel */,
			);
			currentVersion = AB4866AA1AB5116D009B6435 /* GopherSmash.xcdatamodel */;
			path = GopherSmash.xcdatamodeld;
			sourceTree = "<group>";
			versionGroupType = wrapper.xcdatamodel;
		};
/* End XCVersionGroup section */
	};
	rootObject = AB4866971AB5116D009B6435 /* Project object */;
}
